{
  "name": "ShareBOX",
  "version": "1.0.0",
  "lockfileVersion": 1,
  "requires": true,
  "dependencies": {
    "bootstrap": {
      "version": "3.4.1",
      "resolved": "https://registry.npmjs.org/bootstrap/-/bootstrap-3.4.1.tgz",
      "integrity": "sha512-yN5oZVmRCwe5aKwzRj6736nSmKDX7pLYwsXiCj/EYmo16hODaBiT4En5btW/jhBF/seV+XMx3aYwukYC3A49DA=="
    },
    "bootstrap-select": {
      "version": "1.13.6",
      "resolved": "https://registry.npmjs.org/bootstrap-select/-/bootstrap-select-1.13.6.tgz",
      "integrity": "sha512-MsOZjYVv0jjHOCUV6CG3J8MSsosrKL8MlA8DacMhMqFq43tTxMjjd7Czo5a/upKPNHW6asFq29oyKJTrPva6FQ=="
    },
    "bs-confirmation": {
      "version": "1.0.7",
      "resolved": "https://registry.npmjs.org/bs-confirmation/-/bs-confirmation-1.0.7.tgz",
      "integrity": "sha512-5yCEWSnIUqviM9w0IMLKBLC3Z3Bq57g7foDFE6GmYkZwuNwv4IhRs9NoT1WF9nLAl3QxEkEP4ZceTJMfCnejsg=="
    },
    "devbridge-autocomplete": {
      "version": "1.2.27",
      "resolved": "https://registry.npmjs.org/devbridge-autocomplete/-/devbridge-autocomplete-1.2.27.tgz",
      "integrity": "sha1-VAfZwckTF7gXm6o4SN2ZhnuXzkk=",
      "requires": {
        "jquery": "1.11.3"
      },
      "dependencies": {
        "jquery": {
          "version": "1.11.3",
          "resolved": "https://registry.npmjs.org/jquery/-/jquery-1.11.3.tgz",
          "integrity": "sha512-pHM/XLofp0FJc0/0AsRm8q/5ob+a1kno+vfclXGozaMBPv3qD7Xq19loECVcBB4MOLdygnyneQMPTsH5QiVNBQ=="
        }
      }
    },
    "font-awesome": {
      "version": "4.3.0",
      "resolved": "https://registry.npmjs.org/font-awesome/-/font-awesome-4.3.0.tgz",
      "integrity": "sha1-RO63kM35hmQnhvM/znhHZPGEHEA="
    },
    "jquery": {
      "version": "3.5.0",
      "resolved": "https://registry.npmjs.org/jquery/-/jquery-3.5.0.tgz",
      "integrity": "sha512-Xb7SVYMvygPxbFMpTFQiHh1J7HClEaThguL15N/Gg37Lri/qKyhRGZYzHRyLH8Stq3Aow0LsHO2O2ci86fCrNQ=="
    },
    "jquery-contextmenu": {
      "version": "git+https://github.com/swisnl/jQuery-contextMenu.git#d49ead253c687c718bfd01898b84d066b5f9a0fb",
      "from": "git+https://github.com/swisnl/jQuery-contextMenu.git#d49ead253c687c718bfd01898b84d066b5f9a0fb"
    },
    "jquery-sieve": {
      "version": "git+https://github.com/rmm5t/jquery-sieve.git#f5780e7ca0c95b712338b9e1ae1f6b04d6f0baaa",
      "from": "git+https://github.com/rmm5t/jquery-sieve.git"
    },
    "jqueryui": {
      "version": "1.11.1",
      "resolved": "https://registry.npmjs.org/jqueryui/-/jqueryui-1.11.1.tgz",
      "integrity": "sha1-hxhVBwX1Vo0RmRlhaQlNtzsikbw="
    },
    "jwerty": {
      "version": "0.3.2",
      "resolved": "https://registry.npmjs.org/jwerty/-/jwerty-0.3.2.tgz",
      "integrity": "sha1-Y4JPYCYGhn4K7/tozXITUvB5yX0="
    },
    "moment": {
      "version": "2.29.4",
      "resolved": "http://registry.npmjs.org/moment/-/moment-2.29.4.tgz",
      "integrity": "sha512-5LC9SOxjSc2HF6vO2CyuTDNivEdoz2IvyJJGj6X8DJ0eFyfszE0QiEd+iXmBvUP3WHxSjFH/vIsA0EN00cgr8w=="
    },
    "popper.js": {
      "version": "1.14.4",
      "resolved": "https://registry.npmjs.org/popper.js/-/popper.js-1.14.4.tgz",
      "integrity": "sha1-juwdj/AqWjoVLdQ0FKFce3n9abY="
    },
    "respond.js": {
      "version": "1.4.2",
      "resolved": "https://registry.npmjs.org/respond.js/-/respond.js-1.4.2.tgz",
      "integrity": "sha1-/VwHRQrM5gkJFtjQkLhrZy3ZdIs="
    },
    "shoestring": {
      "version": "1.0.5",
      "resolved": "https://registry.npmjs.org/shoestring/-/shoestring-1.0.5.tgz",
      "integrity": "sha1-IVLUCoVoRvtX/MPG6wDNZku1O4o="
    },
    "tablesaw": {
      "version": "1.0.5",
      "resolved": "https://registry.npmjs.org/tablesaw/-/tablesaw-1.0.5.tgz",
      "integrity": "sha1-9znTYcy1krRgTMX2z+g1BHqoQCk=",
      "requires": {
        "jquery": "1.11.3",
        "respond.js": "1.4.2",
        "shoestring": "1.0.5"
      },
      "dependencies": {
        "jquery": {
          "version": "1.11.3",
          "resolved": "https://registry.npmjs.org/jquery/-/jquery-1.11.3.tgz",
          "integrity": "sha512-pHM/XLofp0FJc0/0AsRm8q/5ob+a1kno+vfclXGozaMBPv3qD7Xq19loECVcBB4MOLdygnyneQMPTsH5QiVNBQ=="
        }
      }
    },
    "underscore": {
      "version": "1.12.1",
      "resolved": "https://registry.npmjs.org/underscore/-/underscore-1.12.1.tgz",
      "integrity": "sha512-hEQt0+ZLDVUMhebKxL4x1BTtDY7bavVofhZ9KZ4aI26X9SRaE+Y3m83XUL1UP2jn8ynjndwCCpEHdUG+9pP1Tw=="
    }
  }
}
